
Microsoft Visual Studio Solution File, Format Version 12.00
# Visual Studio Version 16
VisualStudioVersion = 16.0.30804.86
MinimumVisualStudioVersion = 10.0.40219.1
Project("{FAE04EC0-301F-11D3-BF4B-00C04F79EFBC}") = "MySuperBank", "MySuperBank.csproj", "{519E7642-56D5-4AF3-BD6B-6EBCDDA6C355}"
EndProject
Global
	GlobalSection(SolutionConfigurationPlatforms) = preSolution
		Debug|Any CPU = Debug|Any CPU
		Release|Any CPU = Release|Any CPU
	EndGlobalSection
	GlobalSection(ProjectConfigurationPlatforms) = postSolution
		{519E7642-56D5-4AF3-BD6B-6EBCDDA6C355}.Debug|Any CPU.ActiveCfg = Debug|Any CPU
		{519E7642-56D5-4AF3-BD6B-6EBCDDA6C355}.Debug|Any CPU.Build.0 = Debug|Any CPU
		{519E7642-56D5-4AF3-BD6B-6EBCDDA6C355}.Release|Any CPU.ActiveCfg = Release|Any CPU
		{519E7642-56D5-4AF3-BD6B-6EBCDDA6C355}.Release|Any CPU.Build.0 = Release|Any CPU
	EndGlobalSection
	GlobalSection(SolutionProperties) = preSolution
		HideSolutionNode = FALSE
	EndGlobalSection
	GlobalSection(ExtensibilityGlobals) = postSolution
		SolutionGuid = {BECF34C2-4FA2-4743-9487-CFD18AD020B2}
	EndGlobalSection
EndGlobal
