
Microsoft Visual Studio Solution File, Format Version 12.00
# Visual Studio Version 16
VisualStudioVersion = 16.0.30804.86
MinimumVisualStudioVersion = 10.0.40219.1
Project("{FAE04EC0-301F-11D3-BF4B-00C04F79EFBC}") = "ConsoleApp1", "ConsoleApp1\ConsoleApp1.csproj", "{2A07CEB4-8846-4714-9ED9-CE7025A6EBB8}"
EndProject
Global
	GlobalSection(SolutionConfigurationPlatforms) = preSolution
		Debug|Any CPU = Debug|Any CPU
		Release|Any CPU = Release|Any CPU
	EndGlobalSection
	GlobalSection(ProjectConfigurationPlatforms) = postSolution
		{2A07CEB4-8846-4714-9ED9-CE7025A6EBB8}.Debug|Any CPU.ActiveCfg = Debug|Any CPU
		{2A07CEB4-8846-4714-9ED9-CE7025A6EBB8}.Debug|Any CPU.Build.0 = Debug|Any CPU
		{2A07CEB4-8846-4714-9ED9-CE7025A6EBB8}.Release|Any CPU.ActiveCfg = Release|Any CPU
		{2A07CEB4-8846-4714-9ED9-CE7025A6EBB8}.Release|Any CPU.Build.0 = Release|Any CPU
	EndGlobalSection
	GlobalSection(SolutionProperties) = preSolution
		HideSolutionNode = FALSE
	EndGlobalSection
	GlobalSection(ExtensibilityGlobals) = postSolution
		SolutionGuid = {DD030484-6ED6-4003-93E6-62C176C60896}
	EndGlobalSection
EndGlobal
